Microsoft Visual Studio Solution File, Format Version 12.00
# Visual Studio Version 17
VisualStudioVersion = 17.5.2.0
MinimumVisualStudioVersion = 10.0.40219.1
Project("{FAE04EC0-301F-11D3-BF4B-00C04F79EFBC}") = "SnackFlowMES", "SnackFlowMES.csproj", "{A2B374E3-9B7E-B4BB-A3B3-EAFFE9CAAC17}"
EndProject
Global
	GlobalSection(SolutionConfigurationPlatforms) = preSolution
		Debug|Any CPU = Debug|Any CPU
		Release|Any CPU = Release|Any CPU
	EndGlobalSection
	GlobalSection(ProjectConfigurationPlatforms) = postSolution
		{A2B374E3-9B7E-B4BB-A3B3-EAFFE9CAAC17}.Debug|Any CPU.ActiveCfg = Debug|Any CPU
		{A2B374E3-9B7E-B4BB-A3B3-EAFFE9CAAC17}.Debug|Any CPU.Build.0 = Debug|Any CPU
		{A2B374E3-9B7E-B4BB-A3B3-EAFFE9CAAC17}.Release|Any CPU.ActiveCfg = Release|Any CPU
		{A2B374E3-9B7E-B4BB-A3B3-EAFFE9CAAC17}.Release|Any CPU.Build.0 = Release|Any CPU
	EndGlobalSection
	GlobalSection(SolutionProperties) = preSolution
		HideSolutionNode = FALSE
	EndGlobalSection
	GlobalSection(ExtensibilityGlobals) = postSolution
		SolutionGuid = {A85667A2-7787-4DED-9BCD-F285AEE3E1F4}
	EndGlobalSection
EndGlobal
